{
  "nodes": {
    "logos-nix": {
      "inputs": {
        "nixpkgs": "nixpkgs",
        "nixpkgs-windows": "nixpkgs-windows"
      },
      "locked": {
        "lastModified": 1786399295,
        "narHash": "sha256-Bl1A0UgsIXioZw5uEW8Jl5u7FfZcFMnpYlpsdezFwK0=",
        "owner": "logos-co",
        "repo": "logos-nix",
        "rev": "6e0f4a7120fced10829b0b3a698ff619a11d4605",
        "type": "github"
      },
      "original": {
        "owner": "logos-co",
        "repo": "logos-nix",
        "type": "github"
      }
    },
    "logos-nix_2": {
      "inputs": {
        "nixpkgs": "nixpkgs_2",
        "nixpkgs-windows": "nixpkgs-windows_2"
      },
      "locked": {
        "lastModified": 1786399295,
        "narHash": "sha256-Bl1A0UgsIXioZw5uEW8Jl5u7FfZcFMnpYlpsdezFwK0=",
        "owner": "logos-co",
        "repo": "logos-nix",
        "rev": "6e0f4a7120fced10829b0b3a698ff619a11d4605",
        "type": "github"
      },
      "original": {
        "owner": "logos-co",
        "repo": "logos-nix",
        "type": "github"
      }
    },
    "logos-nix_3": {
      "inputs": {
        "nixpkgs": "nixpkgs_3",
        "nixpkgs-windows": "nixpkgs-windows_3"
      },
      "locked": {
        "lastModified": 1786399295,
        "narHash": "sha256-Bl1A0UgsIXioZw5uEW8Jl5u7FfZcFMnpYlpsdezFwK0=",
        "owner": "logos-co",
        "repo": "logos-nix",
        "rev": "6e0f4a7120fced10829b0b3a698ff619a11d4605",
        "type": "github"
      },
      "original": {
        "owner": "logos-co",
        "repo": "logos-nix",
        "type": "github"
      }
    },
    "logos-package": {
      "inputs": {
        "logos-nix": "logos-nix_2",
        "nixpkgs": [
          "logos-package",
          "logos-nix",
          "nixpkgs"
        ]
      },
      "locked": {
        "lastModified": 1788798694,
        "narHash": "sha256-EMV9DfMNBkcNoBQSFsfppl6yYA1Rh7Q3XA5Nt4HauYg=",
        "owner": "logos-co",
        "repo": "logos-package",
        "rev": "4cdb302051ebcd231eeaeeaa2011fcf857541ce4",
        "type": "github"
      },
      "original": {
        "owner": "logos-co",
        "repo": "logos-package",
        "type": "github"
      }
    },
    "nix-bundle-dir": {
      "inputs": {
        "logos-nix": "logos-nix_3",
        "nixpkgs": [
          "nix-bundle-dir",
          "logos-nix",
          "nixpkgs"
        ]
      },
      "locked": {
        "lastModified": 1786415152,
        "narHash": "sha256-0JUD+57+VTO25IfJjy92av5T88pmMSod8wMygW9OK3s=",
        "owner": "logos-co",
        "repo": "nix-bundle-dir",
        "rev": "f843b8ec76974881ccf8619157ae63bfa2017a5e",
        "type": "github"
      },
      "original": {
        "owner": "logos-co",
        "repo": "nix-bundle-dir",
        "type": "github"
      }
    },
    "nixpkgs": {
      "locked": {
        "lastModified": 1759036355,
        "narHash": "sha256-0m27AKv6ka+q270dw48KflE0LwQYrO7Fm4/2//KCVWg=",
        "owner": "NixOS",
        "repo": "nixpkgs",
        "rev": "e9f00bd893984bc8ce46c895c3bf7cac95331127",
        "type": "github"
      },
      "original": {
        "owner": "NixOS",
        "ref": "nixos-unstable",
        "repo": "nixpkgs",
        "type": "github"
      }
    },
    "nixpkgs-windows": {
      "locked": {
        "lastModified": 1782723713,
        "narHash": "sha256-oPXCU/SSUokcGaJREHibG1CBX3+s/W7orDWQOZDsEeQ=",
        "owner": "NixOS",
        "repo": "nixpkgs",
        "rev": "b5aa0fbd538984f6e3d201be0005b4463d8b09f8",
        "type": "github"
      },
      "original": {
        "owner": "NixOS",
        "repo": "nixpkgs",
        "rev": "b5aa0fbd538984f6e3d201be0005b4463d8b09f8",
        "type": "github"
      }
    },
    "nixpkgs-windows_2": {
      "locked": {
        "lastModified": 1782723713,
        "narHash": "sha256-oPXCU/SSUokcGaJREHibG1CBX3+s/W7orDWQOZDsEeQ=",
        "owner": "NixOS",
        "repo": "nixpkgs",
        "rev": "b5aa0fbd538984f6e3d201be0005b4463d8b09f8",
        "type": "github"
      },
      "original": {
        "owner": "NixOS",
        "repo": "nixpkgs",
        "rev": "b5aa0fbd538984f6e3d201be0005b4463d8b09f8",
        "type": "github"
      }
    },
    "nixpkgs-windows_3": {
      "locked": {
        "lastModified": 1782723713,
        "narHash": "sha256-oPXCU/SSUokcGaJREHibG1CBX3+s/W7orDWQOZDsEeQ=",
        "owner": "NixOS",
        "repo": "nixpkgs",
        "rev": "b5aa0fbd538984f6e3d201be0005b4463d8b09f8",
        "type": "github"
      },
      "original": {
        "owner": "NixOS",
        "repo": "nixpkgs",
        "rev": "b5aa0fbd538984f6e3d201be0005b4463d8b09f8",
        "type": "github"
      }
    },
    "nixpkgs_2": {
      "locked": {
        "lastModified": 1759036355,
        "narHash": "sha256-0m27AKv6ka+q270dw48KflE0LwQYrO7Fm4/2//KCVWg=",
        "owner": "NixOS",
        "repo": "nixpkgs",
        "rev": "e9f00bd893984bc8ce46c895c3bf7cac95331127",
        "type": "github"
      },
      "original": {
        "owner": "NixOS",
        "ref": "nixos-unstable",
        "repo": "nixpkgs",
        "type": "github"
      }
    },
    "nixpkgs_3": {
      "locked": {
        "lastModified": 1759036355,
        "narHash": "sha256-0m27AKv6ka+q270dw48KflE0LwQYrO7Fm4/2//KCVWg=",
        "owner": "NixOS",
        "repo": "nixpkgs",
        "rev": "e9f00bd893984bc8ce46c895c3bf7cac95331127",
        "type": "github"
      },
      "original": {
        "owner": "NixOS",
        "ref": "nixos-unstable",
        "repo": "nixpkgs",
        "type": "github"
      }
    },
    "root": {
      "inputs": {
        "logos-nix": "logos-nix",
        "logos-package": "logos-package",
        "nix-bundle-dir": "nix-bundle-dir",
        "nixpkgs": [
          "logos-nix",
          "nixpkgs"
        ]
      }
    }
  },
  "root": "root",
  "version": 7
}
